// !$*UTF8*$!
{
	archiveVersion = 1;
	classes = {
	};
	objectVersion = 52;
	objects = {

/* Begin PBXBuildFile section */
		1B3D061323ABB5F80035BFC8 /* AppDelegate.swift in Sources */ = {isa = PBXBuildFile; fileRef = 1B3D061223ABB5F80035BFC8 /* AppDelegate.swift */; };
		1B3D061A23ABB5F80035BFC8 /* Main.storyboard in Resources */ = {isa = PBXBuildFile; fileRef = 1B3D061823ABB5F80035BFC8 /* Main.storyboard */; };
		1B3D061C23ABB5F90035BFC8 /* Assets.xcassets in Resources */ = {isa = PBXBuildFile; fileRef = 1B3D061B23ABB5F90035BFC8 /* Assets.xcassets */; };
		1B3D061F23ABB5F90035BFC8 /* LaunchScreen.storyboard in Resources */ = {isa = PBXBuildFile; fileRef = 1B3D061D23ABB5F90035BFC8 /* LaunchScreen.storyboard */; };
		1B3D062D23ABB8000035BFC8 /* PersistanceService.swift in Sources */ = {isa = PBXBuildFile; fileRef = 1B3D062C23ABB8000035BFC8 /* PersistanceService.swift */; };
		1B56E83923B13EA5008E79C7 /* Person+CoreDataClass.swift in Sources */ = {isa = PBXBuildFile; fileRef = 1B56E83723B13EA5008E79C7 /* Person+CoreDataClass.swift */; };
		1B56E83A23B13EA5008E79C7 /* Person+CoreDataProperties.swift in Sources */ = {isa = PBXBuildFile; fileRef = 1B56E83823B13EA5008E79C7 /* Person+CoreDataProperties.swift */; };
		1B56E83D23B14100008E79C7 /* Location+CoreDataClass.swift in Sources */ = {isa = PBXBuildFile; fileRef = 1B56E83B23B14100008E79C7 /* Location+CoreDataClass.swift */; };
		1B56E83E23B14100008E79C7 /* Location+CoreDataProperties.swift in Sources */ = {isa = PBXBuildFile; fileRef = 1B56E83C23B14100008E79C7 /* Location+CoreDataProperties.swift */; };
		1B997CFC23B0A43800CC008E /* SwiftyJSON in Frameworks */ = {isa = PBXBuildFile; productRef = 1B997CFB23B0A43800CC008E /* SwiftyJSON */; };
		1B997CFE23B0C90800CC008E /* UsersTableViewController.swift in Sources */ = {isa = PBXBuildFile; fileRef = 1B997CFD23B0C90800CC008E /* UsersTableViewController.swift */; };
		1B997D0123B0CD6900CC008E /* UsersController.swift in Sources */ = {isa = PBXBuildFile; fileRef = 1B997D0023B0CD6900CC008E /* UsersController.swift */; };
		1BA0ACB223ABBBC800699D6F /* PersonData.xcdatamodeld in Sources */ = {isa = PBXBuildFile; fileRef = 1BA0ACB023ABBBC800699D6F /* PersonData.xcdatamodeld */; };
/* End PBXBuildFile section */

/* Begin PBXFileReference section */
		1B3D060F23ABB5F80035BFC8 /* Random Users.app */ = {isa = PBXFileReference; explicitFileType = wrapper.application; includeInIndex = 0; path = "Random Users.app"; sourceTree = BUILT_PRODUCTS_DIR; };
		1B3D061223ABB5F80035BFC8 /* AppDelegate.swift */ = {isa = PBXFileReference; lastKnownFileType = sourcecode.swift; path = AppDelegate.swift; sourceTree = "<group>"; };
		1B3D061923ABB5F80035BFC8 /* Base */ = {isa = PBXFileReference; lastKnownFileType = file.storyboard; name = Base; path = Base.lproj/Main.storyboard; sourceTree = "<group>"; };
		1B3D061B23ABB5F90035BFC8 /* Assets.xcassets */ = {isa = PBXFileReference; lastKnownFileType = folder.assetcatalog; path = Assets.xcassets; sourceTree = "<group>"; };
		1B3D061E23ABB5F90035BFC8 /* Base */ = {isa = PBXFileReference; lastKnownFileType = file.storyboard; name = Base; path = Base.lproj/LaunchScreen.storyboard; sourceTree = "<group>"; };
		1B3D062023ABB5F90035BFC8 /* Info.plist */ = {isa = PBXFileReference; lastKnownFileType = text.plist.xml; path = Info.plist; sourceTree = "<group>"; };
		1B3D062C23ABB8000035BFC8 /* PersistanceService.swift */ = {isa = PBXFileReference; lastKnownFileType = sourcecode.swift; path = PersistanceService.swift; sourceTree = "<group>"; };
		1B56E83723B13EA5008E79C7 /* Person+CoreDataClass.swift */ = {isa = PBXFileReference; lastKnownFileType = sourcecode.swift; path = "Person+CoreDataClass.swift"; sourceTree = SOURCE_ROOT; };
		1B56E83823B13EA5008E79C7 /* Person+CoreDataProperties.swift */ = {isa = PBXFileReference; lastKnownFileType = sourcecode.swift; path = "Person+CoreDataProperties.swift"; sourceTree = SOURCE_ROOT; };
		1B56E83B23B14100008E79C7 /* Location+CoreDataClass.swift */ = {isa = PBXFileReference; lastKnownFileType = sourcecode.swift; path = "Location+CoreDataClass.swift"; sourceTree = SOURCE_ROOT; };
		1B56E83C23B14100008E79C7 /* Location+CoreDataProperties.swift */ = {isa = PBXFileReference; lastKnownFileType = sourcecode.swift; path = "Location+CoreDataProperties.swift"; sourceTree = SOURCE_ROOT; };
		1B77715C23B6106300A55977 /* README.md */ = {isa = PBXFileReference; lastKnownFileType = net.daringfireball.markdown; path = README.md; sourceTree = "<group>"; };
		1B997CFD23B0C90800CC008E /* UsersTableViewController.swift */ = {isa = PBXFileReference; lastKnownFileType = sourcecode.swift; path = UsersTableViewController.swift; sourceTree = "<group>"; };
		1B997D0023B0CD6900CC008E /* UsersController.swift */ = {isa = PBXFileReference; lastKnownFileType = sourcecode.swift; path = UsersController.swift; sourceTree = "<group>"; };
		1BA0ACB123ABBBC800699D6F /* PersonData.xcdatamodel */ = {isa = PBXFileReference; lastKnownFileType = wrapper.xcdatamodel; path = PersonData.xcdatamodel; sourceTree = "<group>"; };
/* End PBXFileReference section */

/* Begin PBXFrameworksBuildPhase section */
		1B3D060C23ABB5F80035BFC8 /* Frameworks */ = {
			isa = PBXFrameworksBuildPhase;
			buildActionMask = 2147483647;
			files = (
				1B997CFC23B0A43800CC008E /* SwiftyJSON in Frameworks */,
			);
			runOnlyForDeploymentPostprocessing = 0;
		};
/* End PBXFrameworksBuildPhase section */

/* Begin PBXGroup section */
		1B3D060623ABB5F80035BFC8 = {
			isa = PBXGroup;
			children = (
				1B77715C23B6106300A55977 /* README.md */,
				1B3D061123ABB5F80035BFC8 /* Random Users */,
				1B3D061023ABB5F80035BFC8 /* Products */,
			);
			sourceTree = "<group>";
		};
		1B3D061023ABB5F80035BFC8 /* Products */ = {
			isa = PBXGroup;
			children = (
				1B3D060F23ABB5F80035BFC8 /* Random Users.app */,
			);
			name = Products;
			sourceTree = "<group>";
		};
		1B3D061123ABB5F80035BFC8 /* Random Users */ = {
			isa = PBXGroup;
			children = (
				1B997CFF23B0CD4600CC008E /* Controllers */,
				1BCB7AF223ACD7BA00BEDE42 /* SupportFiles */,
				1BA0ACB023ABBBC800699D6F /* PersonData.xcdatamodeld */,
				1B3D063623ABB89E0035BFC8 /* Core Data */,
				1B3D061223ABB5F80035BFC8 /* AppDelegate.swift */,
				1B997CFD23B0C90800CC008E /* UsersTableViewController.swift */,
				1B3D062C23ABB8000035BFC8 /* PersistanceService.swift */,
				1B3D061823ABB5F80035BFC8 /* Main.storyboard */,
				1B3D061B23ABB5F90035BFC8 /* Assets.xcassets */,
				1B3D061D23ABB5F90035BFC8 /* LaunchScreen.storyboard */,
				1B3D062023ABB5F90035BFC8 /* Info.plist */,
			);
			path = "Random Users";
			sourceTree = "<group>";
		};
		1B3D063623ABB89E0035BFC8 /* Core Data */ = {
			isa = PBXGroup;
			children = (
				1B56E83B23B14100008E79C7 /* Location+CoreDataClass.swift */,
				1B56E83C23B14100008E79C7 /* Location+CoreDataProperties.swift */,
				1B56E83723B13EA5008E79C7 /* Person+CoreDataClass.swift */,
				1B56E83823B13EA5008E79C7 /* Person+CoreDataProperties.swift */,
			);
			path = "Core Data";
			sourceTree = "<group>";
		};
		1B997CFF23B0CD4600CC008E /* Controllers */ = {
			isa = PBXGroup;
			children = (
				1B997D0023B0CD6900CC008E /* UsersController.swift */,
			);
			path = Controllers;
			sourceTree = "<group>";
		};
		1BCB7AF223ACD7BA00BEDE42 /* SupportFiles */ = {
			isa = PBXGroup;
			children = (
			);
			path = SupportFiles;
			sourceTree = "<group>";
		};
/* End PBXGroup section */

/* Begin PBXNativeTarget section */
		1B3D060E23ABB5F80035BFC8 /* Random Users */ = {
			isa = PBXNativeTarget;
			buildConfigurationList = 1B3D062323ABB5F90035BFC8 /* Build configuration list for PBXNativeTarget "Random Users" */;
			buildPhases = (
				1B3D060B23ABB5F80035BFC8 /* Sources */,
				1B3D060C23ABB5F80035BFC8 /* Frameworks */,
				1B3D060D23ABB5F80035BFC8 /* Resources */,
			);
			buildRules = (
			);
			dependencies = (
			);
			name = "Random Users";
			packageProductDependencies = (
				1B997CFB23B0A43800CC008E /* SwiftyJSON */,
			);
			productName = "Random Users";
			productReference = 1B3D060F23ABB5F80035BFC8 /* Random Users.app */;
			productType = "com.apple.product-type.application";
		};
/* End PBXNativeTarget section */

/* Begin PBXProject section */
		1B3D060723ABB5F80035BFC8 /* Project object */ = {
			isa = PBXProject;
			attributes = {
				LastSwiftUpdateCheck = 1130;
				LastUpgradeCheck = 1130;
				ORGANIZATIONNAME = "Rinalds Domanovs";
				TargetAttributes = {
					1B3D060E23ABB5F80035BFC8 = {
						CreatedOnToolsVersion = 11.3;
					};
				};
			};
			buildConfigurationList = 1B3D060A23ABB5F80035BFC8 /* Build configuration list for PBXProject "Random Users" */;
			compatibilityVersion = "Xcode 9.3";
			developmentRegion = en;
			hasScannedForEncodings = 0;
			knownRegions = (
				en,
				Base,
			);
			mainGroup = 1B3D060623ABB5F80035BFC8;
			packageReferences = (
				1B997CFA23B0A43800CC008E /* XCRemoteSwiftPackageReference "SwiftyJSON" */,
			);
			productRefGroup = 1B3D061023ABB5F80035BFC8 /* Products */;
			projectDirPath = "";
			projectRoot = "";
			targets = (
				1B3D060E23ABB5F80035BFC8 /* Random Users */,
			);
		};
/* End PBXProject section */

/* Begin PBXResourcesBuildPhase section */
		1B3D060D23ABB5F80035BFC8 /* Resources */ = {
			isa = PBXResourcesBuildPhase;
			buildActionMask = 2147483647;
			files = (
				1B3D061F23ABB5F90035BFC8 /* LaunchScreen.storyboard in Resources */,
				1B3D061C23ABB5F90035BFC8 /* Assets.xcassets in Resources */,
				1B3D061A23ABB5F80035BFC8 /* Main.storyboard in Resources */,
			);
			runOnlyForDeploymentPostprocessing = 0;
		};
/* End PBXResourcesBuildPhase section */

/* Begin PBXSourcesBuildPhase section */
		1B3D060B23ABB5F80035BFC8 /* Sources */ = {
			isa = PBXSourcesBuildPhase;
			buildActionMask = 2147483647;
			files = (
				1B56E83A23B13EA5008E79C7 /* Person+CoreDataProperties.swift in Sources */,
				1BA0ACB223ABBBC800699D6F /* PersonData.xcdatamodeld in Sources */,
				1B997D0123B0CD6900CC008E /* UsersController.swift in Sources */,
				1B56E83923B13EA5008E79C7 /* Person+CoreDataClass.swift in Sources */,
				1B56E83D23B14100008E79C7 /* Location+CoreDataClass.swift in Sources */,
				1B56E83E23B14100008E79C7 /* Location+CoreDataProperties.swift in Sources */,
				1B3D062D23ABB8000035BFC8 /* PersistanceService.swift in Sources */,
				1B997CFE23B0C90800CC008E /* UsersTableViewController.swift in Sources */,
				1B3D061323ABB5F80035BFC8 /* AppDelegate.swift in Sources */,
			);
			runOnlyForDeploymentPostprocessing = 0;
		};
/* End PBXSourcesBuildPhase section */

/* Begin PBXVariantGroup section */
		1B3D061823ABB5F80035BFC8 /* Main.storyboard */ = {
			isa = PBXVariantGroup;
			children = (
				1B3D061923ABB5F80035BFC8 /* Base */,
			);
			name = Main.storyboard;
			sourceTree = "<group>";
		};
		1B3D061D23ABB5F90035BFC8 /* LaunchScreen.storyboard */ = {
			isa = PBXVariantGroup;
			children = (
				1B3D061E23ABB5F90035BFC8 /* Base */,
			);
			name = LaunchScreen.storyboard;
			sourceTree = "<group>";
		};
/* End PBXVariantGroup section */

/* Begin XCBuildConfiguration section */
		1B3D062123ABB5F90035BFC8 /* Debug */ = {
			isa = XCBuildConfiguration;
			buildSettings = {
				ALWAYS_SEARCH_USER_PATHS = NO;
				CLANG_ANALYZER_NONNULL = YES;
				CLANG_ANALYZER_NUMBER_OBJECT_CONVERSION = YES_AGGRESSIVE;
				CLANG_CXX_LANGUAGE_STANDARD = "gnu++14";
				CLANG_CXX_LIBRARY = "libc++";
				CLANG_ENABLE_MODULES = YES;
				CLANG_ENABLE_OBJC_ARC = YES;
				CLANG_ENABLE_OBJC_WEAK = YES;
				CLANG_WARN_BLOCK_CAPTURE_AUTORELEASING = YES;
				CLANG_WARN_BOOL_CONVERSION = YES;
				CLANG_WARN_COMMA = YES;
				CLANG_WARN_CONSTANT_CONVERSION = YES;
				CLANG_WARN_DEPRECATED_OBJC_IMPLEMENTATIONS = YES;
				CLANG_WARN_DIRECT_OBJC_ISA_USAGE = YES_ERROR;
				CLANG_WARN_DOCUMENTATION_COMMENTS = YES;
				CLANG_WARN_EMPTY_BODY = YES;
				CLANG_WARN_ENUM_CONVERSION = YES;
				CLANG_WARN_INFINITE_RECURSION = YES;
				CLANG_WARN_INT_CONVERSION = YES;
				CLANG_WARN_NON_LITERAL_NULL_CONVERSION = YES;
				CLANG_WARN_OBJC_IMPLICIT_RETAIN_SELF = YES;
				CLANG_WARN_OBJC_LITERAL_CONVERSION = YES;
				CLANG_WARN_OBJC_ROOT_CLASS = YES_ERROR;
				CLANG_WARN_RANGE_LOOP_ANALYSIS = YES;
				CLANG_WARN_STRICT_PROTOTYPES = YES;
				CLANG_WARN_SUSPICIOUS_MOVE = YES;
				CLANG_WARN_UNGUARDED_AVAILABILITY = YES_AGGRESSIVE;
				CLANG_WARN_UNREACHABLE_CODE = YES;
				CLANG_WARN__DUPLICATE_METHOD_MATCH = YES;
				COPY_PHASE_STRIP = NO;
				DEBUG_INFORMATION_FORMAT = dwarf;
				ENABLE_STRICT_OBJC_MSGSEND = YES;
				ENABLE_TESTABILITY = YES;
				GCC_C_LANGUAGE_STANDARD = gnu11;
				GCC_DYNAMIC_NO_PIC = NO;
				GCC_NO_COMMON_BLOCKS = YES;
				GCC_OPTIMIZATION_LEVEL = 0;
				GCC_PREPROCESSOR_DEFINITIONS = (
					"DEBUG=1",
					"$(inherited)",
				);
				GCC_WARN_64_TO_32_BIT_CONVERSION = YES;
				GCC_WARN_ABOUT_RETURN_TYPE = YES_ERROR;
				GCC_WARN_UNDECLARED_SELECTOR = YES;
				GCC_WARN_UNINITIALIZED_AUTOS = YES_AGGRESSIVE;
				GCC_WARN_UNUSED_FUNCTION = YES;
				GCC_WARN_UNUSED_VARIABLE = YES;
				IPHONEOS_DEPLOYMENT_TARGET = 13.2;
				MTL_ENABLE_DEBUG_INFO = INCLUDE_SOURCE;
				MTL_FAST_MATH = YES;
				ONLY_ACTIVE_ARCH = YES;
				SDKROOT = iphoneos;
				SWIFT_ACTIVE_COMPILATION_CONDITIONS = DEBUG;
				SWIFT_OPTIMIZATION_LEVEL = "-Onone";
			};
			name = Debug;
		};
		1B3D062223ABB5F90035BFC8 /* Release */ = {
			isa = XCBuildConfiguration;
			buildSettings = {
				ALWAYS_SEARCH_USER_PATHS = NO;
				CLANG_ANALYZER_NONNULL = YES;
				CLANG_ANALYZER_NUMBER_OBJECT_CONVERSION = YES_AGGRESSIVE;
				CLANG_CXX_LANGUAGE_STANDARD = "gnu++14";
				CLANG_CXX_LIBRARY = "libc++";
				CLANG_ENABLE_MODULES = YES;
				CLANG_ENABLE_OBJC_ARC = YES;
				CLANG_ENABLE_OBJC_WEAK = YES;
				CLANG_WARN_BLOCK_CAPTURE_AUTORELEASING = YES;
				CLANG_WARN_BOOL_CONVERSION = YES;
				CLANG_WARN_COMMA = YES;
				CLANG_WARN_CONSTANT_CONVERSION = YES;
				CLANG_WARN_DEPRECATED_OBJC_IMPLEMENTATIONS = YES;
				CLANG_WARN_DIRECT_OBJC_ISA_USAGE = YES_ERROR;
				CLANG_WARN_DOCUMENTATION_COMMENTS = YES;
				CLANG_WARN_EMPTY_BODY = YES;
				CLANG_WARN_ENUM_CONVERSION = YES;
				CLANG_WARN_INFINITE_RECURSION = YES;
				CLANG_WARN_INT_CONVERSION = YES;
				CLANG_WARN_NON_LITERAL_NULL_CONVERSION = YES;
				CLANG_WARN_OBJC_IMPLICIT_RETAIN_SELF = YES;
				CLANG_WARN_OBJC_LITERAL_CONVERSION = YES;
				CLANG_WARN_OBJC_ROOT_CLASS = YES_ERROR;
				CLANG_WARN_RANGE_LOOP_ANALYSIS = YES;
				CLANG_WARN_STRICT_PROTOTYPES = YES;
				CLANG_WARN_SUSPICIOUS_MOVE = YES;
				CLANG_WARN_UNGUARDED_AVAILABILITY = YES_AGGRESSIVE;
				CLANG_WARN_UNREACHABLE_CODE = YES;
				CLANG_WARN__DUPLICATE_METHOD_MATCH = YES;
				COPY_PHASE_STRIP = NO;
				DEBUG_INFORMATION_FORMAT = "dwarf-with-dsym";
				ENABLE_NS_ASSERTIONS = NO;
				ENABLE_STRICT_OBJC_MSGSEND = YES;
				GCC_C_LANGUAGE_STANDARD = gnu11;
				GCC_NO_COMMON_BLOCKS = YES;
				GCC_WARN_64_TO_32_BIT_CONVERSION = YES;
				GCC_WARN_ABOUT_RETURN_TYPE = YES_ERROR;
				GCC_WARN_UNDECLARED_SELECTOR = YES;
				GCC_WARN_UNINITIALIZED_AUTOS = YES_AGGRESSIVE;
				GCC_WARN_UNUSED_FUNCTION = YES;
				GCC_WARN_UNUSED_VARIABLE = YES;
				IPHONEOS_DEPLOYMENT_TARGET = 13.2;
				MTL_ENABLE_DEBUG_INFO = NO;
				MTL_FAST_MATH = YES;
				SDKROOT = iphoneos;
				SWIFT_COMPILATION_MODE = wholemodule;
				SWIFT_OPTIMIZATION_LEVEL = "-O";
				VALIDATE_PRODUCT = YES;
			};
			name = Release;
		};
		1B3D062423ABB5F90035BFC8 /* Debug */ = {
			isa = XCBuildConfiguration;
			buildSettings = {
				ASSETCATALOG_COMPILER_APPICON_NAME = AppIcon;
				CODE_SIGN_STYLE = Automatic;
				DEVELOPMENT_TEAM = M86S59A27L;
				INFOPLIST_FILE = "Random Users/Info.plist";
				LD_RUNPATH_SEARCH_PATHS = (
					"$(inherited)",
					"@executable_path/Frameworks",
				);
				PRODUCT_BUNDLE_IDENTIFIER = "dev.domanov.Random-Users";
				PRODUCT_NAME = "$(TARGET_NAME)";
				SWIFT_VERSION = 5.0;
				TARGETED_DEVICE_FAMILY = "1,2";
			};
			name = Debug;
		};
		1B3D062523ABB5F90035BFC8 /* Release */ = {
			isa = XCBuildConfiguration;
			buildSettings = {
				ASSETCATALOG_COMPILER_APPICON_NAME = AppIcon;
				CODE_SIGN_STYLE = Automatic;
				DEVELOPMENT_TEAM = M86S59A27L;
				INFOPLIST_FILE = "Random Users/Info.plist";
				LD_RUNPATH_SEARCH_PATHS = (
					"$(inherited)",
					"@executable_path/Frameworks",
				);
				PRODUCT_BUNDLE_IDENTIFIER = "dev.domanov.Random-Users";
				PRODUCT_NAME = "$(TARGET_NAME)";
				SWIFT_VERSION = 5.0;
				TARGETED_DEVICE_FAMILY = "1,2";
			};
			name = Release;
		};
/* End XCBuildConfiguration section */

/* Begin XCConfigurationList section */
		1B3D060A23ABB5F80035BFC8 /* Build configuration list for PBXProject "Random Users" */ = {
			isa = XCConfigurationList;
			buildConfigurations = (
				1B3D062123ABB5F90035BFC8 /* Debug */,
				1B3D062223ABB5F90035BFC8 /* Release */,
			);
			defaultConfigurationIsVisible = 0;
			defaultConfigurationName = Release;
		};
		1B3D062323ABB5F90035BFC8 /* Build configuration list for PBXNativeTarget "Random Users" */ = {
			isa = XCConfigurationList;
			buildConfigurations = (
				1B3D062423ABB5F90035BFC8 /* Debug */,
				1B3D062523ABB5F90035BFC8 /* Release */,
			);
			defaultConfigurationIsVisible = 0;
			defaultConfigurationName = Release;
		};
/* End XCConfigurationList section */

/* Begin XCRemoteSwiftPackageReference section */
		1B997CFA23B0A43800CC008E /* XCRemoteSwiftPackageReference "SwiftyJSON" */ = {
			isa = XCRemoteSwiftPackageReference;
			repositoryURL = "https://github.com/SwiftyJSON/SwiftyJSON.git";
			requirement = {
				kind = upToNextMajorVersion;
				minimumVersion = 5.0.0;
			};
		};
/* End XCRemoteSwiftPackageReference section */

/* Begin XCSwiftPackageProductDependency section */
		1B997CFB23B0A43800CC008E /* SwiftyJSON */ = {
			isa = XCSwiftPackageProductDependency;
			package = 1B997CFA23B0A43800CC008E /* XCRemoteSwiftPackageReference "SwiftyJSON" */;
			productName = SwiftyJSON;
		};
/* End XCSwiftPackageProductDependency section */

/* Begin XCVersionGroup section */
		1BA0ACB023ABBBC800699D6F /* PersonData.xcdatamodeld */ = {
			isa = XCVersionGroup;
			children = (
				1BA0ACB123ABBBC800699D6F /* PersonData.xcdatamodel */,
			);
			currentVersion = 1BA0ACB123ABBBC800699D6F /* PersonData.xcdatamodel */;
			path = PersonData.xcdatamodeld;
			sourceTree = "<group>";
			versionGroupType = wrapper.xcdatamodel;
		};
/* End XCVersionGroup section */
	};
	rootObject = 1B3D060723ABB5F80035BFC8 /* Project object */;
}
